
Microsoft Visual Studio Solution File, Format Version 12.00
# Visual Studio Version 16
VisualStudioVersion = 16.0.31005.135
MinimumVisualStudioVersion = 10.0.40219.1
Project("{FAE04EC0-301F-11D3-BF4B-00C04F79EFBC}") = "Linq_Second", "Linq_Second\Linq_Second.csproj", "{C9EBB2D7-C7CC-48AC-A361-E59BD1E9C588}"
EndProject
Global
	GlobalSection(SolutionConfigurationPlatforms) = preSolution
		Debug|Any CPU = Debug|Any CPU
		Release|Any CPU = Release|Any CPU
	EndGlobalSection
	GlobalSection(ProjectConfigurationPlatforms) = postSolution
		{C9EBB2D7-C7CC-48AC-A361-E59BD1E9C588}.Debug|Any CPU.ActiveCfg = Debug|Any CPU
		{C9EBB2D7-C7CC-48AC-A361-E59BD1E9C588}.Debug|Any CPU.Build.0 = Debug|Any CPU
		{C9EBB2D7-C7CC-48AC-A361-E59BD1E9C588}.Release|Any CPU.ActiveCfg = Release|Any CPU
		{C9EBB2D7-C7CC-48AC-A361-E59BD1E9C588}.Release|Any CPU.Build.0 = Release|Any CPU
	EndGlobalSection
	GlobalSection(SolutionProperties) = preSolution
		HideSolutionNode = FALSE
	EndGlobalSection
	GlobalSection(ExtensibilityGlobals) = postSolution
		SolutionGuid = {DC402707-446C-41E7-BCEF-F4A453C5D986}
	EndGlobalSection
EndGlobal
